
Microsoft Visual Studio Solution File, Format Version 12.00
# Visual Studio 15
VisualStudioVersion = 15.0.27703.2042
MinimumVisualStudioVersion = 10.0.40219.1
Project("{FAE04EC0-301F-11D3-BF4B-00C04F79EFBC}") = "Painting", "Painting\Painting.csproj", "{47556804-93A7-455D-9220-32A18D658E07}"
EndProject
Project("{FAE04EC0-301F-11D3-BF4B-00C04F79EFBC}") = "Animation", "Animation\Animation.csproj", "{2D6B277D-9E74-47AA-9DC8-F34F16669F9D}"
EndProject
Project("{FAE04EC0-301F-11D3-BF4B-00C04F79EFBC}") = "Mjolnir", "Mjolnir\Mjolnir.csproj", "{05C67A6E-50BF-44F9-882D-90AC4226FB25}"
EndProject
Global
	GlobalSection(SolutionConfigurationPlatforms) = preSolution
		Debug|Any CPU = Debug|Any CPU
		Release|Any CPU = Release|Any CPU
	EndGlobalSection
	GlobalSection(ProjectConfigurationPlatforms) = postSolution
		{47556804-93A7-455D-9220-32A18D658E07}.Debug|Any CPU.ActiveCfg = Debug|Any CPU
		{47556804-93A7-455D-9220-32A18D658E07}.Debug|Any CPU.Build.0 = Debug|Any CPU
		{47556804-93A7-455D-9220-32A18D658E07}.Release|Any CPU.ActiveCfg = Release|Any CPU
		{47556804-93A7-455D-9220-32A18D658E07}.Release|Any CPU.Build.0 = Release|Any CPU
		{2D6B277D-9E74-47AA-9DC8-F34F16669F9D}.Debug|Any CPU.ActiveCfg = Debug|Any CPU
		{2D6B277D-9E74-47AA-9DC8-F34F16669F9D}.Debug|Any CPU.Build.0 = Debug|Any CPU
		{2D6B277D-9E74-47AA-9DC8-F34F16669F9D}.Release|Any CPU.ActiveCfg = Release|Any CPU
		{2D6B277D-9E74-47AA-9DC8-F34F16669F9D}.Release|Any CPU.Build.0 = Release|Any CPU
		{05C67A6E-50BF-44F9-882D-90AC4226FB25}.Debug|Any CPU.ActiveCfg = Debug|Any CPU
		{05C67A6E-50BF-44F9-882D-90AC4226FB25}.Debug|Any CPU.Build.0 = Debug|Any CPU
		{05C67A6E-50BF-44F9-882D-90AC4226FB25}.Release|Any CPU.ActiveCfg = Release|Any CPU
		{05C67A6E-50BF-44F9-882D-90AC4226FB25}.Release|Any CPU.Build.0 = Release|Any CPU
	EndGlobalSection
	GlobalSection(SolutionProperties) = preSolution
		HideSolutionNode = FALSE
	EndGlobalSection
	GlobalSection(ExtensibilityGlobals) = postSolution
		SolutionGuid = {15FD4336-A3B8-45B9-81E9-6CB39B3D3A25}
	EndGlobalSection
EndGlobal
